// !$*UTF8*$!
{
	archiveVersion = 1;
	classes = {
	};
	objectVersion = 50;
	objects = {

/* Begin PBXBuildFile section */
		A167C9BB26A56BB400473658 /* AppDelegate.m in Sources */ = {isa = PBXBuildFile; fileRef = A167C9BA26A56BB400473658 /* AppDelegate.m */; };
		A167C9BE26A56BB400473658 /* SceneDelegate.m in Sources */ = {isa = PBXBuildFile; fileRef = A167C9BD26A56BB400473658 /* SceneDelegate.m */; };
		A167C9C126A56BB400473658 /* ViewController.m in Sources */ = {isa = PBXBuildFile; fileRef = A167C9C026A56BB400473658 /* ViewController.m */; };
		A167C9C426A56BB400473658 /* Main.storyboard in Resources */ = {isa = PBXBuildFile; fileRef = A167C9C226A56BB400473658 /* Main.storyboard */; };
		A167C9C626A56BB700473658 /* Assets.xcassets in Resources */ = {isa = PBXBuildFile; fileRef = A167C9C526A56BB700473658 /* Assets.xcassets */; };
		A167C9C926A56BB700473658 /* LaunchScreen.storyboard in Resources */ = {isa = PBXBuildFile; fileRef = A167C9C726A56BB700473658 /* LaunchScreen.storyboard */; };
		A167C9CC26A56BB700473658 /* main.m in Sources */ = {isa = PBXBuildFile; fileRef = A167C9CB26A56BB700473658 /* main.m */; };
/* End PBXBuildFile section */

/* Begin PBXFileReference section */
		A167C9B626A56BB400473658 /* binary.app */ = {isa = PBXFileReference; explicitFileType = wrapper.application; includeInIndex = 0; path = binary.app; sourceTree = BUILT_PRODUCTS_DIR; };
		A167C9B926A56BB400473658 /* AppDelegate.h */ = {isa = PBXFileReference; lastKnownFileType = sourcecode.c.h; path = AppDelegate.h; sourceTree = "<group>"; };
		A167C9BA26A56BB400473658 /* AppDelegate.m */ = {isa = PBXFileReference; lastKnownFileType = sourcecode.c.objc; path = AppDelegate.m; sourceTree = "<group>"; };
		A167C9BC26A56BB400473658 /* SceneDelegate.h */ = {isa = PBXFileReference; lastKnownFileType = sourcecode.c.h; path = SceneDelegate.h; sourceTree = "<group>"; };
		A167C9BD26A56BB400473658 /* SceneDelegate.m */ = {isa = PBXFileReference; lastKnownFileType = sourcecode.c.objc; path = SceneDelegate.m; sourceTree = "<group>"; };
		A167C9BF26A56BB400473658 /* ViewController.h */ = {isa = PBXFileReference; lastKnownFileType = sourcecode.c.h; path = ViewController.h; sourceTree = "<group>"; };
		A167C9C026A56BB400473658 /* ViewController.m */ = {isa = PBXFileReference; lastKnownFileType = sourcecode.c.objc; path = ViewController.m; sourceTree = "<group>"; };
		A167C9C326A56BB400473658 /* Base */ = {isa = PBXFileReference; lastKnownFileType = file.storyboard; name = Base; path = Base.lproj/Main.storyboard; sourceTree = "<group>"; };
		A167C9C526A56BB700473658 /* Assets.xcassets */ = {isa = PBXFileReference; lastKnownFileType = folder.assetcatalog; path = Assets.xcassets; sourceTree = "<group>"; };
		A167C9C826A56BB700473658 /* Base */ = {isa = PBXFileReference; lastKnownFileType = file.storyboard; name = Base; path = Base.lproj/LaunchScreen.storyboard; sourceTree = "<group>"; };
		A167C9CA26A56BB700473658 /* Info.plist */ = {isa = PBXFileReference; lastKnownFileType = text.plist.xml; path = Info.plist; sourceTree = "<group>"; };
		A167C9CB26A56BB700473658 /* main.m */ = {isa = PBXFileReference; lastKnownFileType = sourcecode.c.objc; path = main.m; sourceTree = "<group>"; };
/* End PBXFileReference section */

/* Begin PBXFrameworksBuildPhase section */
		A167C9B326A56BB400473658 /* Frameworks */ = {
			isa = PBXFrameworksBuildPhase;
			buildActionMask = 2147483647;
			files = (
			);
			runOnlyForDeploymentPostprocessing = 0;
		};
/* End PBXFrameworksBuildPhase section */

/* Begin PBXGroup section */
		A167C9AD26A56BB400473658 = {
			isa = PBXGroup;
			children = (
				A167C9B826A56BB400473658 /* binary */,
				A167C9B726A56BB400473658 /* Products */,
			);
			sourceTree = "<group>";
		};
		A167C9B726A56BB400473658 /* Products */ = {
			isa = PBXGroup;
			children = (
				A167C9B626A56BB400473658 /* binary.app */,
			);
			name = Products;
			sourceTree = "<group>";
		};
		A167C9B826A56BB400473658 /* binary */ = {
			isa = PBXGroup;
			children = (
				A167C9B926A56BB400473658 /* AppDelegate.h */,
				A167C9BA26A56BB400473658 /* AppDelegate.m */,
				A167C9BC26A56BB400473658 /* SceneDelegate.h */,
				A167C9BD26A56BB400473658 /* SceneDelegate.m */,
				A167C9BF26A56BB400473658 /* ViewController.h */,
				A167C9C026A56BB400473658 /* ViewController.m */,
				A167C9C226A56BB400473658 /* Main.storyboard */,
				A167C9C526A56BB700473658 /* Assets.xcassets */,
				A167C9C726A56BB700473658 /* LaunchScreen.storyboard */,
				A167C9CA26A56BB700473658 /* Info.plist */,
				A167C9CB26A56BB700473658 /* main.m */,
			);
			path = binary;
			sourceTree = "<group>";
		};
/* End PBXGroup section */

/* Begin PBXNativeTarget section */
		A167C9B526A56BB400473658 /* binary */ = {
			isa = PBXNativeTarget;
			buildConfigurationList = A167C9CF26A56BB700473658 /* Build configuration list for PBXNativeTarget "binary" */;
			buildPhases = (
				A167C9B226A56BB400473658 /* Sources */,
				A167C9B326A56BB400473658 /* Frameworks */,
				A167C9B426A56BB400473658 /* Resources */,
			);
			buildRules = (
			);
			dependencies = (
			);
			name = binary;
			productName = binary;
			productReference = A167C9B626A56BB400473658 /* binary.app */;
			productType = "com.apple.product-type.application";
		};
/* End PBXNativeTarget section */

/* Begin PBXProject section */
		A167C9AE26A56BB400473658 /* Project object */ = {
			isa = PBXProject;
			attributes = {
				LastUpgradeCheck = 1250;
				TargetAttributes = {
					A167C9B526A56BB400473658 = {
						CreatedOnToolsVersion = 12.5;
					};
				};
			};
			buildConfigurationList = A167C9B126A56BB400473658 /* Build configuration list for PBXProject "binary" */;
			compatibilityVersion = "Xcode 9.3";
			developmentRegion = en;
			hasScannedForEncodings = 0;
			knownRegions = (
				en,
				Base,
			);
			mainGroup = A167C9AD26A56BB400473658;
			productRefGroup = A167C9B726A56BB400473658 /* Products */;
			projectDirPath = "";
			projectRoot = "";
			targets = (
				A167C9B526A56BB400473658 /* binary */,
			);
		};
/* End PBXProject section */

/* Begin PBXResourcesBuildPhase section */
		A167C9B426A56BB400473658 /* Resources */ = {
			isa = PBXResourcesBuildPhase;
			buildActionMask = 2147483647;
			files = (
				A167C9C926A56BB700473658 /* LaunchScreen.storyboard in Resources */,
				A167C9C626A56BB700473658 /* Assets.xcassets in Resources */,
				A167C9C426A56BB400473658 /* Main.storyboard in Resources */,
			);
			runOnlyForDeploymentPostprocessing = 0;
		};
/* End PBXResourcesBuildPhase section */

/* Begin PBXSourcesBuildPhase section */
		A167C9B226A56BB400473658 /* Sources */ = {
			isa = PBXSourcesBuildPhase;
			buildActionMask = 2147483647;
			files = (
				A167C9C126A56BB400473658 /* ViewController.m in Sources */,
				A167C9BB26A56BB400473658 /* AppDelegate.m in Sources */,
				A167C9CC26A56BB700473658 /* main.m in Sources */,
				A167C9BE26A56BB400473658 /* SceneDelegate.m in Sources */,
			);
			runOnlyForDeploymentPostprocessing = 0;
		};
/* End PBXSourcesBuildPhase section */

/* Begin PBXVariantGroup section */
		A167C9C226A56BB400473658 /* Main.storyboard */ = {
			isa = PBXVariantGroup;
			children = (
				A167C9C326A56BB400473658 /* Base */,
			);
			name = Main.storyboard;
			sourceTree = "<group>";
		};
		A167C9C726A56BB700473658 /* LaunchScreen.storyboard */ = {
			isa = PBXVariantGroup;
			children = (
				A167C9C826A56BB700473658 /* Base */,
			);
			name = LaunchScreen.storyboard;
			sourceTree = "<group>";
		};
/* End PBXVariantGroup section */

/* Begin XCBuildConfiguration section */
		A167C9CD26A56BB700473658 /* Debug */ = {
			isa = XCBuildConfiguration;
			buildSettings = {
				ALWAYS_SEARCH_USER_PATHS = NO;
				CLANG_ANALYZER_NONNULL = YES;
				CLANG_ANALYZER_NUMBER_OBJECT_CONVERSION = YES_AGGRESSIVE;
				CLANG_CXX_LANGUAGE_STANDARD = "gnu++14";
				CLANG_CXX_LIBRARY = "libc++";
				CLANG_ENABLE_MODULES = YES;
				CLANG_ENABLE_OBJC_ARC = YES;
				CLANG_ENABLE_OBJC_WEAK = YES;
				CLANG_WARN_BLOCK_CAPTURE_AUTORELEASING = YES;
				CLANG_WARN_BOOL_CONVERSION = YES;
				CLANG_WARN_COMMA = YES;
				CLANG_WARN_CONSTANT_CONVERSION = YES;
				CLANG_WARN_DEPRECATED_OBJC_IMPLEMENTATIONS = YES;
				CLANG_WARN_DIRECT_OBJC_ISA_USAGE = YES_ERROR;
				CLANG_WARN_DOCUMENTATION_COMMENTS = YES;
				CLANG_WARN_EMPTY_BODY = YES;
				CLANG_WARN_ENUM_CONVERSION = YES;
				CLANG_WARN_INFINITE_RECURSION = YES;
				CLANG_WARN_INT_CONVERSION = YES;
				CLANG_WARN_NON_LITERAL_NULL_CONVERSION = YES;
				CLANG_WARN_OBJC_IMPLICIT_RETAIN_SELF = YES;
				CLANG_WARN_OBJC_LITERAL_CONVERSION = YES;
				CLANG_WARN_OBJC_ROOT_CLASS = YES_ERROR;
				CLANG_WARN_QUOTED_INCLUDE_IN_FRAMEWORK_HEADER = YES;
				CLANG_WARN_RANGE_LOOP_ANALYSIS = YES;
				CLANG_WARN_STRICT_PROTOTYPES = YES;
				CLANG_WARN_SUSPICIOUS_MOVE = YES;
				CLANG_WARN_UNGUARDED_AVAILABILITY = YES_AGGRESSIVE;
				CLANG_WARN_UNREACHABLE_CODE = YES;
				CLANG_WARN__DUPLICATE_METHOD_MATCH = YES;
				COPY_PHASE_STRIP = NO;
				DEBUG_INFORMATION_FORMAT = dwarf;
				ENABLE_STRICT_OBJC_MSGSEND = YES;
				ENABLE_TESTABILITY = YES;
				GCC_C_LANGUAGE_STANDARD = gnu11;
				GCC_DYNAMIC_NO_PIC = NO;
				GCC_NO_COMMON_BLOCKS = YES;
				GCC_OPTIMIZATION_LEVEL = 0;
				GCC_PREPROCESSOR_DEFINITIONS = (
					"DEBUG=1",
					"$(inherited)",
				);
				GCC_WARN_64_TO_32_BIT_CONVERSION = YES;
				GCC_WARN_ABOUT_RETURN_TYPE = YES_ERROR;
				GCC_WARN_UNDECLARED_SELECTOR = YES;
				GCC_WARN_UNINITIALIZED_AUTOS = YES_AGGRESSIVE;
				GCC_WARN_UNUSED_FUNCTION = YES;
				GCC_WARN_UNUSED_VARIABLE = YES;
				IPHONEOS_DEPLOYMENT_TARGET = 14.5;
				MTL_ENABLE_DEBUG_INFO = INCLUDE_SOURCE;
				MTL_FAST_MATH = YES;
				ONLY_ACTIVE_ARCH = YES;
				SDKROOT = iphoneos;
			};
			name = Debug;
		};
		A167C9CE26A56BB700473658 /* Release */ = {
			isa = XCBuildConfiguration;
			buildSettings = {
				ALWAYS_SEARCH_USER_PATHS = NO;
				CLANG_ANALYZER_NONNULL = YES;
				CLANG_ANALYZER_NUMBER_OBJECT_CONVERSION = YES_AGGRESSIVE;
				CLANG_CXX_LANGUAGE_STANDARD = "gnu++14";
				CLANG_CXX_LIBRARY = "libc++";
				CLANG_ENABLE_MODULES = YES;
				CLANG_ENABLE_OBJC_ARC = YES;
				CLANG_ENABLE_OBJC_WEAK = YES;
				CLANG_WARN_BLOCK_CAPTURE_AUTORELEASING = YES;
				CLANG_WARN_BOOL_CONVERSION = YES;
				CLANG_WARN_COMMA = YES;
				CLANG_WARN_CONSTANT_CONVERSION = YES;
				CLANG_WARN_DEPRECATED_OBJC_IMPLEMENTATIONS = YES;
				CLANG_WARN_DIRECT_OBJC_ISA_USAGE = YES_ERROR;
				CLANG_WARN_DOCUMENTATION_COMMENTS = YES;
				CLANG_WARN_EMPTY_BODY = YES;
				CLANG_WARN_ENUM_CONVERSION = YES;
				CLANG_WARN_INFINITE_RECURSION = YES;
				CLANG_WARN_INT_CONVERSION = YES;
				CLANG_WARN_NON_LITERAL_NULL_CONVERSION = YES;
				CLANG_WARN_OBJC_IMPLICIT_RETAIN_SELF = YES;
				CLANG_WARN_OBJC_LITERAL_CONVERSION = YES;
				CLANG_WARN_OBJC_ROOT_CLASS = YES_ERROR;
				CLANG_WARN_QUOTED_INCLUDE_IN_FRAMEWORK_HEADER = YES;
				CLANG_WARN_RANGE_LOOP_ANALYSIS = YES;
				CLANG_WARN_STRICT_PROTOTYPES = YES;
				CLANG_WARN_SUSPICIOUS_MOVE = YES;
				CLANG_WARN_UNGUARDED_AVAILABILITY = YES_AGGRESSIVE;
				CLANG_WARN_UNREACHABLE_CODE = YES;
				CLANG_WARN__DUPLICATE_METHOD_MATCH = YES;
				COPY_PHASE_STRIP = NO;
				DEBUG_INFORMATION_FORMAT = "dwarf-with-dsym";
				ENABLE_NS_ASSERTIONS = NO;
				ENABLE_STRICT_OBJC_MSGSEND = YES;
				GCC_C_LANGUAGE_STANDARD = gnu11;
				GCC_NO_COMMON_BLOCKS = YES;
				GCC_WARN_64_TO_32_BIT_CONVERSION = YES;
				GCC_WARN_ABOUT_RETURN_TYPE = YES_ERROR;
				GCC_WARN_UNDECLARED_SELECTOR = YES;
				GCC_WARN_UNINITIALIZED_AUTOS = YES_AGGRESSIVE;
				GCC_WARN_UNUSED_FUNCTION = YES;
				GCC_WARN_UNUSED_VARIABLE = YES;
				IPHONEOS_DEPLOYMENT_TARGET = 14.5;
				MTL_ENABLE_DEBUG_INFO = NO;
				MTL_FAST_MATH = YES;
				SDKROOT = iphoneos;
				VALIDATE_PRODUCT = YES;
			};
			name = Release;
		};
		A167C9D026A56BB700473658 /* Debug */ = {
			isa = XCBuildConfiguration;
			buildSettings = {
				ASSETCATALOG_COMPILER_APPICON_NAME = AppIcon;
				ASSETCATALOG_COMPILER_GLOBAL_ACCENT_COLOR_NAME = AccentColor;
				CODE_SIGN_STYLE = Automatic;
				DEVELOPMENT_TEAM = QT88655LT4;
				INFOPLIST_FILE = binary/Info.plist;
				LD_RUNPATH_SEARCH_PATHS = (
					"$(inherited)",
					"@executable_path/Frameworks",
				);
				PRODUCT_BUNDLE_IDENTIFIER = com.routerTest.binary;
				PRODUCT_NAME = "$(TARGET_NAME)";
				TARGETED_DEVICE_FAMILY = "1,2";
			};
			name = Debug;
		};
		A167C9D126A56BB700473658 /* Release */ = {
			isa = XCBuildConfiguration;
			buildSettings = {
				ASSETCATALOG_COMPILER_APPICON_NAME = AppIcon;
				ASSETCATALOG_COMPILER_GLOBAL_ACCENT_COLOR_NAME = AccentColor;
				CODE_SIGN_STYLE = Automatic;
				DEVELOPMENT_TEAM = QT88655LT4;
				INFOPLIST_FILE = binary/Info.plist;
				LD_RUNPATH_SEARCH_PATHS = (
					"$(inherited)",
					"@executable_path/Frameworks",
				);
				PRODUCT_BUNDLE_IDENTIFIER = com.routerTest.binary;
				PRODUCT_NAME = "$(TARGET_NAME)";
				TARGETED_DEVICE_FAMILY = "1,2";
			};
			name = Release;
		};
/* End XCBuildConfiguration section */

/* Begin XCConfigurationList section */
		A167C9B126A56BB400473658 /* Build configuration list for PBXProject "binary" */ = {
			isa = XCConfigurationList;
			buildConfigurations = (
				A167C9CD26A56BB700473658 /* Debug */,
				A167C9CE26A56BB700473658 /* Release */,
			);
			defaultConfigurationIsVisible = 0;
			defaultConfigurationName = Release;
		};
		A167C9CF26A56BB700473658 /* Build configuration list for PBXNativeTarget "binary" */ = {
			isa = XCConfigurationList;
			buildConfigurations = (
				A167C9D026A56BB700473658 /* Debug */,
				A167C9D126A56BB700473658 /* Release */,
			);
			defaultConfigurationIsVisible = 0;
			defaultConfigurationName = Release;
		};
/* End XCConfigurationList section */
	};
	rootObject = A167C9AE26A56BB400473658 /* Project object */;
}
